
Microsoft Visual Studio Solution File, Format Version 12.00
# Visual Studio Version 17
VisualStudioVersion = 17.4.33213.308
MinimumVisualStudioVersion = 10.0.40219.1
Project("{FAE04EC0-301F-11D3-BF4B-00C04F79EFBC}") = "MvcCoreCICDVisual", "MvcCoreCICDVisual\MvcCoreCICDVisual.csproj", "{CBA4FC1C-07F5-4B34-8ADC-D43856372887}"
EndProject
Global
	GlobalSection(SolutionConfigurationPlatforms) = preSolution
		Debug|Any CPU = Debug|Any CPU
		Release|Any CPU = Release|Any CPU
	EndGlobalSection
	GlobalSection(ProjectConfigurationPlatforms) = postSolution
		{CBA4FC1C-07F5-4B34-8ADC-D43856372887}.Debug|Any CPU.ActiveCfg = Debug|Any CPU
		{CBA4FC1C-07F5-4B34-8ADC-D43856372887}.Debug|Any CPU.Build.0 = Debug|Any CPU
		{CBA4FC1C-07F5-4B34-8ADC-D43856372887}.Release|Any CPU.ActiveCfg = Release|Any CPU
		{CBA4FC1C-07F5-4B34-8ADC-D43856372887}.Release|Any CPU.Build.0 = Release|Any CPU
	EndGlobalSection
	GlobalSection(SolutionProperties) = preSolution
		HideSolutionNode = FALSE
	EndGlobalSection
	GlobalSection(ExtensibilityGlobals) = postSolution
		SolutionGuid = {31A5F158-6EF6-4626-B4E1-75AE762E1CC2}
	EndGlobalSection
EndGlobal
